
Microsoft Visual Studio Solution File, Format Version 12.00
# Visual Studio Version 17
VisualStudioVersion = 17.9.34714.143
MinimumVisualStudioVersion = 10.0.40219.1
Project("{FAE04EC0-301F-11D3-BF4B-00C04F79EFBC}") = "ProcesoCRUD", "ProcesoCRUD\ProcesoCRUD.csproj", "{FAD1BDB1-82CB-4AF1-A5BC-15DEDEFE1C30}"
EndProject
Global
	GlobalSection(SolutionConfigurationPlatforms) = preSolution
		Debug|Any CPU = Debug|Any CPU
		Release|Any CPU = Release|Any CPU
	EndGlobalSection
	GlobalSection(ProjectConfigurationPlatforms) = postSolution
		{FAD1BDB1-82CB-4AF1-A5BC-15DEDEFE1C30}.Debug|Any CPU.ActiveCfg = Debug|Any CPU
		{FAD1BDB1-82CB-4AF1-A5BC-15DEDEFE1C30}.Debug|Any CPU.Build.0 = Debug|Any CPU
		{FAD1BDB1-82CB-4AF1-A5BC-15DEDEFE1C30}.Release|Any CPU.ActiveCfg = Release|Any CPU
		{FAD1BDB1-82CB-4AF1-A5BC-15DEDEFE1C30}.Release|Any CPU.Build.0 = Release|Any CPU
	EndGlobalSection
	GlobalSection(SolutionProperties) = preSolution
		HideSolutionNode = FALSE
	EndGlobalSection
	GlobalSection(ExtensibilityGlobals) = postSolution
		SolutionGuid = {89C00D95-31DB-4216-9B24-247E90F16FC2}
	EndGlobalSection
EndGlobal
